
Microsoft Visual Studio Solution File, Format Version 12.00
# Visual Studio Version 16
VisualStudioVersion = 16.0.31025.194
MinimumVisualStudioVersion = 10.0.40219.1
Project("{8BC9CEB8-8B4A-11D0-8D11-00A0C91BC942}") = "14786(ax+bsinx=c)", "14786(ax+bsinx=c)\14786(ax+bsinx=c).vcxproj", "{FE05A49E-595C-4626-97FD-6933C187C091}"
EndProject
Global
	GlobalSection(SolutionConfigurationPlatforms) = preSolution
		Debug|x64 = Debug|x64
		Debug|x86 = Debug|x86
		Release|x64 = Release|x64
		Release|x86 = Release|x86
	EndGlobalSection
	GlobalSection(ProjectConfigurationPlatforms) = postSolution
		{FE05A49E-595C-4626-97FD-6933C187C091}.Debug|x64.ActiveCfg = Debug|x64
		{FE05A49E-595C-4626-97FD-6933C187C091}.Debug|x64.Build.0 = Debug|x64
		{FE05A49E-595C-4626-97FD-6933C187C091}.Debug|x86.ActiveCfg = Debug|Win32
		{FE05A49E-595C-4626-97FD-6933C187C091}.Debug|x86.Build.0 = Debug|Win32
		{FE05A49E-595C-4626-97FD-6933C187C091}.Release|x64.ActiveCfg = Release|x64
		{FE05A49E-595C-4626-97FD-6933C187C091}.Release|x64.Build.0 = Release|x64
		{FE05A49E-595C-4626-97FD-6933C187C091}.Release|x86.ActiveCfg = Release|Win32
		{FE05A49E-595C-4626-97FD-6933C187C091}.Release|x86.Build.0 = Release|Win32
	EndGlobalSection
	GlobalSection(SolutionProperties) = preSolution
		HideSolutionNode = FALSE
	EndGlobalSection
	GlobalSection(ExtensibilityGlobals) = postSolution
		SolutionGuid = {D8EFCE52-1540-483E-93DF-B1EE0FADFA71}
	EndGlobalSection
EndGlobal
