
Microsoft Visual Studio Solution File, Format Version 12.00
# Visual Studio Version 16
VisualStudioVersion = 16.0.30503.244
MinimumVisualStudioVersion = 10.0.40219.1
Project("{8BC9CEB8-8B4A-11D0-8D11-00A0C91BC942}") = "1994", "1994\1994.vcxproj", "{ABF4FECD-479D-4AF9-85FE-EB0CFC566193}"
EndProject
Global
	GlobalSection(SolutionConfigurationPlatforms) = preSolution
		Debug|x64 = Debug|x64
		Debug|x86 = Debug|x86
		Release|x64 = Release|x64
		Release|x86 = Release|x86
	EndGlobalSection
	GlobalSection(ProjectConfigurationPlatforms) = postSolution
		{ABF4FECD-479D-4AF9-85FE-EB0CFC566193}.Debug|x64.ActiveCfg = Debug|x64
		{ABF4FECD-479D-4AF9-85FE-EB0CFC566193}.Debug|x64.Build.0 = Debug|x64
		{ABF4FECD-479D-4AF9-85FE-EB0CFC566193}.Debug|x86.ActiveCfg = Debug|Win32
		{ABF4FECD-479D-4AF9-85FE-EB0CFC566193}.Debug|x86.Build.0 = Debug|Win32
		{ABF4FECD-479D-4AF9-85FE-EB0CFC566193}.Release|x64.ActiveCfg = Release|x64
		{ABF4FECD-479D-4AF9-85FE-EB0CFC566193}.Release|x64.Build.0 = Release|x64
		{ABF4FECD-479D-4AF9-85FE-EB0CFC566193}.Release|x86.ActiveCfg = Release|Win32
		{ABF4FECD-479D-4AF9-85FE-EB0CFC566193}.Release|x86.Build.0 = Release|Win32
	EndGlobalSection
	GlobalSection(SolutionProperties) = preSolution
		HideSolutionNode = FALSE
	EndGlobalSection
	GlobalSection(ExtensibilityGlobals) = postSolution
		SolutionGuid = {5342A0F1-F4F8-4904-85BD-E2505E908796}
	EndGlobalSection
EndGlobal
