
Microsoft Visual Studio Solution File, Format Version 12.00
# Visual Studio Version 16
VisualStudioVersion = 16.0.31025.194
MinimumVisualStudioVersion = 10.0.40219.1
Project("{8BC9CEB8-8B4A-11D0-8D11-00A0C91BC942}") = "1867(돌맹이제거)", "1867(돌맹이제거)\1867(돌맹이제거).vcxproj", "{3E13D9A5-39ED-4D30-84B3-673DA7F3A90A}"
EndProject
Global
	GlobalSection(SolutionConfigurationPlatforms) = preSolution
		Debug|x64 = Debug|x64
		Debug|x86 = Debug|x86
		Release|x64 = Release|x64
		Release|x86 = Release|x86
	EndGlobalSection
	GlobalSection(ProjectConfigurationPlatforms) = postSolution
		{3E13D9A5-39ED-4D30-84B3-673DA7F3A90A}.Debug|x64.ActiveCfg = Debug|x64
		{3E13D9A5-39ED-4D30-84B3-673DA7F3A90A}.Debug|x64.Build.0 = Debug|x64
		{3E13D9A5-39ED-4D30-84B3-673DA7F3A90A}.Debug|x86.ActiveCfg = Debug|Win32
		{3E13D9A5-39ED-4D30-84B3-673DA7F3A90A}.Debug|x86.Build.0 = Debug|Win32
		{3E13D9A5-39ED-4D30-84B3-673DA7F3A90A}.Release|x64.ActiveCfg = Release|x64
		{3E13D9A5-39ED-4D30-84B3-673DA7F3A90A}.Release|x64.Build.0 = Release|x64
		{3E13D9A5-39ED-4D30-84B3-673DA7F3A90A}.Release|x86.ActiveCfg = Release|Win32
		{3E13D9A5-39ED-4D30-84B3-673DA7F3A90A}.Release|x86.Build.0 = Release|Win32
	EndGlobalSection
	GlobalSection(SolutionProperties) = preSolution
		HideSolutionNode = FALSE
	EndGlobalSection
	GlobalSection(ExtensibilityGlobals) = postSolution
		SolutionGuid = {44BD4A00-C466-4C21-916E-334F25DF3C72}
	EndGlobalSection
EndGlobal
