
Microsoft Visual Studio Solution File, Format Version 12.00
# Visual Studio Version 16
VisualStudioVersion = 16.0.29025.244
MinimumVisualStudioVersion = 10.0.40219.1
Project("{8BC9CEB8-8B4A-11D0-8D11-00A0C91BC942}") = "15678(연세워터파크)", "15678(연세워터파크)\15678(연세워터파크).vcxproj", "{D44F4936-B39D-4A3D-B2E6-2F500E40FB30}"
EndProject
Global
	GlobalSection(SolutionConfigurationPlatforms) = preSolution
		Debug|x64 = Debug|x64
		Debug|x86 = Debug|x86
		Release|x64 = Release|x64
		Release|x86 = Release|x86
	EndGlobalSection
	GlobalSection(ProjectConfigurationPlatforms) = postSolution
		{D44F4936-B39D-4A3D-B2E6-2F500E40FB30}.Debug|x64.ActiveCfg = Debug|x64
		{D44F4936-B39D-4A3D-B2E6-2F500E40FB30}.Debug|x64.Build.0 = Debug|x64
		{D44F4936-B39D-4A3D-B2E6-2F500E40FB30}.Debug|x86.ActiveCfg = Debug|Win32
		{D44F4936-B39D-4A3D-B2E6-2F500E40FB30}.Debug|x86.Build.0 = Debug|Win32
		{D44F4936-B39D-4A3D-B2E6-2F500E40FB30}.Release|x64.ActiveCfg = Release|x64
		{D44F4936-B39D-4A3D-B2E6-2F500E40FB30}.Release|x64.Build.0 = Release|x64
		{D44F4936-B39D-4A3D-B2E6-2F500E40FB30}.Release|x86.ActiveCfg = Release|Win32
		{D44F4936-B39D-4A3D-B2E6-2F500E40FB30}.Release|x86.Build.0 = Release|Win32
	EndGlobalSection
	GlobalSection(SolutionProperties) = preSolution
		HideSolutionNode = FALSE
	EndGlobalSection
	GlobalSection(ExtensibilityGlobals) = postSolution
		SolutionGuid = {3FA66105-8A13-46EB-812D-D1081234827E}
	EndGlobalSection
EndGlobal
