
Microsoft Visual Studio Solution File, Format Version 12.00
# Visual Studio Version 16
VisualStudioVersion = 16.0.30503.244
MinimumVisualStudioVersion = 10.0.40219.1
Project("{8BC9CEB8-8B4A-11D0-8D11-00A0C91BC942}") = "16637(괄호 추가하기)", "16637(괄호 추가하기)\16637(괄호 추가하기).vcxproj", "{6D51BA5F-4BDB-41E9-8A78-166FEC88AB6C}"
EndProject
Global
	GlobalSection(SolutionConfigurationPlatforms) = preSolution
		Debug|x64 = Debug|x64
		Debug|x86 = Debug|x86
		Release|x64 = Release|x64
		Release|x86 = Release|x86
	EndGlobalSection
	GlobalSection(ProjectConfigurationPlatforms) = postSolution
		{6D51BA5F-4BDB-41E9-8A78-166FEC88AB6C}.Debug|x64.ActiveCfg = Debug|x64
		{6D51BA5F-4BDB-41E9-8A78-166FEC88AB6C}.Debug|x64.Build.0 = Debug|x64
		{6D51BA5F-4BDB-41E9-8A78-166FEC88AB6C}.Debug|x86.ActiveCfg = Debug|Win32
		{6D51BA5F-4BDB-41E9-8A78-166FEC88AB6C}.Debug|x86.Build.0 = Debug|Win32
		{6D51BA5F-4BDB-41E9-8A78-166FEC88AB6C}.Release|x64.ActiveCfg = Release|x64
		{6D51BA5F-4BDB-41E9-8A78-166FEC88AB6C}.Release|x64.Build.0 = Release|x64
		{6D51BA5F-4BDB-41E9-8A78-166FEC88AB6C}.Release|x86.ActiveCfg = Release|Win32
		{6D51BA5F-4BDB-41E9-8A78-166FEC88AB6C}.Release|x86.Build.0 = Release|Win32
	EndGlobalSection
	GlobalSection(SolutionProperties) = preSolution
		HideSolutionNode = FALSE
	EndGlobalSection
	GlobalSection(ExtensibilityGlobals) = postSolution
		SolutionGuid = {AC83207A-C430-4C74-BE26-692122D1117D}
	EndGlobalSection
EndGlobal
