
Microsoft Visual Studio Solution File, Format Version 12.00
# Visual Studio Version 16
VisualStudioVersion = 16.0.30503.244
MinimumVisualStudioVersion = 10.0.40219.1
Project("{8BC9CEB8-8B4A-11D0-8D11-00A0C91BC942}") = "10992(별 찍기 -17)", "10992(별 찍기 -17)\10992(별 찍기 -17).vcxproj", "{23043C60-D27D-49F8-8B0E-91FEC0843C6D}"
EndProject
Global
	GlobalSection(SolutionConfigurationPlatforms) = preSolution
		Debug|x64 = Debug|x64
		Debug|x86 = Debug|x86
		Release|x64 = Release|x64
		Release|x86 = Release|x86
	EndGlobalSection
	GlobalSection(ProjectConfigurationPlatforms) = postSolution
		{23043C60-D27D-49F8-8B0E-91FEC0843C6D}.Debug|x64.ActiveCfg = Debug|x64
		{23043C60-D27D-49F8-8B0E-91FEC0843C6D}.Debug|x64.Build.0 = Debug|x64
		{23043C60-D27D-49F8-8B0E-91FEC0843C6D}.Debug|x86.ActiveCfg = Debug|Win32
		{23043C60-D27D-49F8-8B0E-91FEC0843C6D}.Debug|x86.Build.0 = Debug|Win32
		{23043C60-D27D-49F8-8B0E-91FEC0843C6D}.Release|x64.ActiveCfg = Release|x64
		{23043C60-D27D-49F8-8B0E-91FEC0843C6D}.Release|x64.Build.0 = Release|x64
		{23043C60-D27D-49F8-8B0E-91FEC0843C6D}.Release|x86.ActiveCfg = Release|Win32
		{23043C60-D27D-49F8-8B0E-91FEC0843C6D}.Release|x86.Build.0 = Release|Win32
	EndGlobalSection
	GlobalSection(SolutionProperties) = preSolution
		HideSolutionNode = FALSE
	EndGlobalSection
	GlobalSection(ExtensibilityGlobals) = postSolution
		SolutionGuid = {F98B5A26-046F-4000-A1EF-A5832268C1A3}
	EndGlobalSection
EndGlobal
