
Microsoft Visual Studio Solution File, Format Version 12.00
# Visual Studio Version 16
VisualStudioVersion = 16.0.30503.244
MinimumVisualStudioVersion = 10.0.40219.1
Project("{8BC9CEB8-8B4A-11D0-8D11-00A0C91BC942}") = "1517(버블 소트)", "1517(버블 소트)\1517(버블 소트).vcxproj", "{26BE1B08-7285-41A9-9E27-820C88DD92E7}"
EndProject
Global
	GlobalSection(SolutionConfigurationPlatforms) = preSolution
		Debug|x64 = Debug|x64
		Debug|x86 = Debug|x86
		Release|x64 = Release|x64
		Release|x86 = Release|x86
	EndGlobalSection
	GlobalSection(ProjectConfigurationPlatforms) = postSolution
		{26BE1B08-7285-41A9-9E27-820C88DD92E7}.Debug|x64.ActiveCfg = Debug|x64
		{26BE1B08-7285-41A9-9E27-820C88DD92E7}.Debug|x64.Build.0 = Debug|x64
		{26BE1B08-7285-41A9-9E27-820C88DD92E7}.Debug|x86.ActiveCfg = Debug|Win32
		{26BE1B08-7285-41A9-9E27-820C88DD92E7}.Debug|x86.Build.0 = Debug|Win32
		{26BE1B08-7285-41A9-9E27-820C88DD92E7}.Release|x64.ActiveCfg = Release|x64
		{26BE1B08-7285-41A9-9E27-820C88DD92E7}.Release|x64.Build.0 = Release|x64
		{26BE1B08-7285-41A9-9E27-820C88DD92E7}.Release|x86.ActiveCfg = Release|Win32
		{26BE1B08-7285-41A9-9E27-820C88DD92E7}.Release|x86.Build.0 = Release|Win32
	EndGlobalSection
	GlobalSection(SolutionProperties) = preSolution
		HideSolutionNode = FALSE
	EndGlobalSection
	GlobalSection(ExtensibilityGlobals) = postSolution
		SolutionGuid = {5E5E5BD7-7B29-4435-9DCD-46AAC17CD145}
	EndGlobalSection
EndGlobal
