
Microsoft Visual Studio Solution File, Format Version 12.00
# Visual Studio Version 16
VisualStudioVersion = 16.0.30503.244
MinimumVisualStudioVersion = 10.0.40219.1
Project("{8BC9CEB8-8B4A-11D0-8D11-00A0C91BC942}") = "14889(스타트와 링크)", "14889(스타트와 링크)\14889(스타트와 링크).vcxproj", "{1BF8FC65-D606-4B05-B4EB-D668636AD725}"
EndProject
Global
	GlobalSection(SolutionConfigurationPlatforms) = preSolution
		Debug|x64 = Debug|x64
		Debug|x86 = Debug|x86
		Release|x64 = Release|x64
		Release|x86 = Release|x86
	EndGlobalSection
	GlobalSection(ProjectConfigurationPlatforms) = postSolution
		{1BF8FC65-D606-4B05-B4EB-D668636AD725}.Debug|x64.ActiveCfg = Debug|x64
		{1BF8FC65-D606-4B05-B4EB-D668636AD725}.Debug|x64.Build.0 = Debug|x64
		{1BF8FC65-D606-4B05-B4EB-D668636AD725}.Debug|x86.ActiveCfg = Debug|Win32
		{1BF8FC65-D606-4B05-B4EB-D668636AD725}.Debug|x86.Build.0 = Debug|Win32
		{1BF8FC65-D606-4B05-B4EB-D668636AD725}.Release|x64.ActiveCfg = Release|x64
		{1BF8FC65-D606-4B05-B4EB-D668636AD725}.Release|x64.Build.0 = Release|x64
		{1BF8FC65-D606-4B05-B4EB-D668636AD725}.Release|x86.ActiveCfg = Release|Win32
		{1BF8FC65-D606-4B05-B4EB-D668636AD725}.Release|x86.Build.0 = Release|Win32
	EndGlobalSection
	GlobalSection(SolutionProperties) = preSolution
		HideSolutionNode = FALSE
	EndGlobalSection
	GlobalSection(ExtensibilityGlobals) = postSolution
		SolutionGuid = {C6152ADF-C063-4C18-A939-44EA78C581E5}
	EndGlobalSection
EndGlobal
