
Microsoft Visual Studio Solution File, Format Version 12.00
# Visual Studio Version 16
VisualStudioVersion = 16.0.30503.244
MinimumVisualStudioVersion = 10.0.40219.1
Project("{8BC9CEB8-8B4A-11D0-8D11-00A0C91BC942}") = "2309(일곱 난쟁이)", "2309(일곱 난쟁이)\2309(일곱 난쟁이).vcxproj", "{BB046C94-51F3-4B8E-B527-9DCDA5A87F6D}"
EndProject
Global
	GlobalSection(SolutionConfigurationPlatforms) = preSolution
		Debug|x64 = Debug|x64
		Debug|x86 = Debug|x86
		Release|x64 = Release|x64
		Release|x86 = Release|x86
	EndGlobalSection
	GlobalSection(ProjectConfigurationPlatforms) = postSolution
		{BB046C94-51F3-4B8E-B527-9DCDA5A87F6D}.Debug|x64.ActiveCfg = Debug|x64
		{BB046C94-51F3-4B8E-B527-9DCDA5A87F6D}.Debug|x64.Build.0 = Debug|x64
		{BB046C94-51F3-4B8E-B527-9DCDA5A87F6D}.Debug|x86.ActiveCfg = Debug|Win32
		{BB046C94-51F3-4B8E-B527-9DCDA5A87F6D}.Debug|x86.Build.0 = Debug|Win32
		{BB046C94-51F3-4B8E-B527-9DCDA5A87F6D}.Release|x64.ActiveCfg = Release|x64
		{BB046C94-51F3-4B8E-B527-9DCDA5A87F6D}.Release|x64.Build.0 = Release|x64
		{BB046C94-51F3-4B8E-B527-9DCDA5A87F6D}.Release|x86.ActiveCfg = Release|Win32
		{BB046C94-51F3-4B8E-B527-9DCDA5A87F6D}.Release|x86.Build.0 = Release|Win32
	EndGlobalSection
	GlobalSection(SolutionProperties) = preSolution
		HideSolutionNode = FALSE
	EndGlobalSection
	GlobalSection(ExtensibilityGlobals) = postSolution
		SolutionGuid = {CAD120D5-4F35-4E41-9DE5-9D40E407E3C4}
	EndGlobalSection
EndGlobal
