
Microsoft Visual Studio Solution File, Format Version 12.00
# Visual Studio Version 16
VisualStudioVersion = 16.0.31025.194
MinimumVisualStudioVersion = 10.0.40219.1
Project("{8BC9CEB8-8B4A-11D0-8D11-00A0C91BC942}") = "2470(두 용액)", "2470(두 용액)\2470(두 용액).vcxproj", "{84D4CA18-AE11-49F5-86CD-0FA85BA8A066}"
EndProject
Global
	GlobalSection(SolutionConfigurationPlatforms) = preSolution
		Debug|x64 = Debug|x64
		Debug|x86 = Debug|x86
		Release|x64 = Release|x64
		Release|x86 = Release|x86
	EndGlobalSection
	GlobalSection(ProjectConfigurationPlatforms) = postSolution
		{84D4CA18-AE11-49F5-86CD-0FA85BA8A066}.Debug|x64.ActiveCfg = Debug|x64
		{84D4CA18-AE11-49F5-86CD-0FA85BA8A066}.Debug|x64.Build.0 = Debug|x64
		{84D4CA18-AE11-49F5-86CD-0FA85BA8A066}.Debug|x86.ActiveCfg = Debug|Win32
		{84D4CA18-AE11-49F5-86CD-0FA85BA8A066}.Debug|x86.Build.0 = Debug|Win32
		{84D4CA18-AE11-49F5-86CD-0FA85BA8A066}.Release|x64.ActiveCfg = Release|x64
		{84D4CA18-AE11-49F5-86CD-0FA85BA8A066}.Release|x64.Build.0 = Release|x64
		{84D4CA18-AE11-49F5-86CD-0FA85BA8A066}.Release|x86.ActiveCfg = Release|Win32
		{84D4CA18-AE11-49F5-86CD-0FA85BA8A066}.Release|x86.Build.0 = Release|Win32
	EndGlobalSection
	GlobalSection(SolutionProperties) = preSolution
		HideSolutionNode = FALSE
	EndGlobalSection
	GlobalSection(ExtensibilityGlobals) = postSolution
		SolutionGuid = {339FFC8E-3DA6-47C0-AC34-736014C2D7FA}
	EndGlobalSection
EndGlobal
