
Microsoft Visual Studio Solution File, Format Version 12.00
# Visual Studio Version 16
VisualStudioVersion = 16.0.30503.244
MinimumVisualStudioVersion = 10.0.40219.1
Project("{8BC9CEB8-8B4A-11D0-8D11-00A0C91BC942}") = "6087(레이저 통신)", "6087(레이저 통신)\6087(레이저 통신).vcxproj", "{578C07C7-61C2-47CE-80C7-75EBCE3EBE67}"
EndProject
Global
	GlobalSection(SolutionConfigurationPlatforms) = preSolution
		Debug|x64 = Debug|x64
		Debug|x86 = Debug|x86
		Release|x64 = Release|x64
		Release|x86 = Release|x86
	EndGlobalSection
	GlobalSection(ProjectConfigurationPlatforms) = postSolution
		{578C07C7-61C2-47CE-80C7-75EBCE3EBE67}.Debug|x64.ActiveCfg = Debug|x64
		{578C07C7-61C2-47CE-80C7-75EBCE3EBE67}.Debug|x64.Build.0 = Debug|x64
		{578C07C7-61C2-47CE-80C7-75EBCE3EBE67}.Debug|x86.ActiveCfg = Debug|Win32
		{578C07C7-61C2-47CE-80C7-75EBCE3EBE67}.Debug|x86.Build.0 = Debug|Win32
		{578C07C7-61C2-47CE-80C7-75EBCE3EBE67}.Release|x64.ActiveCfg = Release|x64
		{578C07C7-61C2-47CE-80C7-75EBCE3EBE67}.Release|x64.Build.0 = Release|x64
		{578C07C7-61C2-47CE-80C7-75EBCE3EBE67}.Release|x86.ActiveCfg = Release|Win32
		{578C07C7-61C2-47CE-80C7-75EBCE3EBE67}.Release|x86.Build.0 = Release|Win32
	EndGlobalSection
	GlobalSection(SolutionProperties) = preSolution
		HideSolutionNode = FALSE
	EndGlobalSection
	GlobalSection(ExtensibilityGlobals) = postSolution
		SolutionGuid = {218D3E89-3E67-41B7-B359-808EE3EE9A6A}
	EndGlobalSection
EndGlobal
