
Microsoft Visual Studio Solution File, Format Version 12.00
# Visual Studio Version 16
VisualStudioVersion = 16.0.30503.244
MinimumVisualStudioVersion = 10.0.40219.1
Project("{8BC9CEB8-8B4A-11D0-8D11-00A0C91BC942}") = "2556(별 찍기 -14)", "2556(별 찍기 -14)\2556(별 찍기 -14).vcxproj", "{821E11C3-B8A2-41D4-89B6-6991C1569EC4}"
EndProject
Global
	GlobalSection(SolutionConfigurationPlatforms) = preSolution
		Debug|x64 = Debug|x64
		Debug|x86 = Debug|x86
		Release|x64 = Release|x64
		Release|x86 = Release|x86
	EndGlobalSection
	GlobalSection(ProjectConfigurationPlatforms) = postSolution
		{821E11C3-B8A2-41D4-89B6-6991C1569EC4}.Debug|x64.ActiveCfg = Debug|x64
		{821E11C3-B8A2-41D4-89B6-6991C1569EC4}.Debug|x64.Build.0 = Debug|x64
		{821E11C3-B8A2-41D4-89B6-6991C1569EC4}.Debug|x86.ActiveCfg = Debug|Win32
		{821E11C3-B8A2-41D4-89B6-6991C1569EC4}.Debug|x86.Build.0 = Debug|Win32
		{821E11C3-B8A2-41D4-89B6-6991C1569EC4}.Release|x64.ActiveCfg = Release|x64
		{821E11C3-B8A2-41D4-89B6-6991C1569EC4}.Release|x64.Build.0 = Release|x64
		{821E11C3-B8A2-41D4-89B6-6991C1569EC4}.Release|x86.ActiveCfg = Release|Win32
		{821E11C3-B8A2-41D4-89B6-6991C1569EC4}.Release|x86.Build.0 = Release|Win32
	EndGlobalSection
	GlobalSection(SolutionProperties) = preSolution
		HideSolutionNode = FALSE
	EndGlobalSection
	GlobalSection(ExtensibilityGlobals) = postSolution
		SolutionGuid = {9AFA7BF9-09BD-47E4-94E0-2814CFF4232A}
	EndGlobalSection
EndGlobal
