
Microsoft Visual Studio Solution File, Format Version 12.00
# Visual Studio Version 16
VisualStudioVersion = 16.0.30503.244
MinimumVisualStudioVersion = 10.0.40219.1
Project("{8BC9CEB8-8B4A-11D0-8D11-00A0C91BC942}") = "17103(골드바흐 파티션)", "17103(골드바흐 파티션)\17103(골드바흐 파티션).vcxproj", "{5947F3DA-02C3-4FCB-A1D2-1CF1878881F5}"
EndProject
Global
	GlobalSection(SolutionConfigurationPlatforms) = preSolution
		Debug|x64 = Debug|x64
		Debug|x86 = Debug|x86
		Release|x64 = Release|x64
		Release|x86 = Release|x86
	EndGlobalSection
	GlobalSection(ProjectConfigurationPlatforms) = postSolution
		{5947F3DA-02C3-4FCB-A1D2-1CF1878881F5}.Debug|x64.ActiveCfg = Debug|x64
		{5947F3DA-02C3-4FCB-A1D2-1CF1878881F5}.Debug|x64.Build.0 = Debug|x64
		{5947F3DA-02C3-4FCB-A1D2-1CF1878881F5}.Debug|x86.ActiveCfg = Debug|Win32
		{5947F3DA-02C3-4FCB-A1D2-1CF1878881F5}.Debug|x86.Build.0 = Debug|Win32
		{5947F3DA-02C3-4FCB-A1D2-1CF1878881F5}.Release|x64.ActiveCfg = Release|x64
		{5947F3DA-02C3-4FCB-A1D2-1CF1878881F5}.Release|x64.Build.0 = Release|x64
		{5947F3DA-02C3-4FCB-A1D2-1CF1878881F5}.Release|x86.ActiveCfg = Release|Win32
		{5947F3DA-02C3-4FCB-A1D2-1CF1878881F5}.Release|x86.Build.0 = Release|Win32
	EndGlobalSection
	GlobalSection(SolutionProperties) = preSolution
		HideSolutionNode = FALSE
	EndGlobalSection
	GlobalSection(ExtensibilityGlobals) = postSolution
		SolutionGuid = {C22A5A06-08FD-4382-AD7E-B581E4FE0D82}
	EndGlobalSection
EndGlobal
