
Microsoft Visual Studio Solution File, Format Version 12.00
# Visual Studio Version 16
VisualStudioVersion = 16.0.31025.194
MinimumVisualStudioVersion = 10.0.40219.1
Project("{8BC9CEB8-8B4A-11D0-8D11-00A0C91BC942}") = "1102(발전소)", "1102(발전소)\1102(발전소).vcxproj", "{E9EA1126-71AC-40DB-A901-7FBEFE1FEA2C}"
EndProject
Global
	GlobalSection(SolutionConfigurationPlatforms) = preSolution
		Debug|x64 = Debug|x64
		Debug|x86 = Debug|x86
		Release|x64 = Release|x64
		Release|x86 = Release|x86
	EndGlobalSection
	GlobalSection(ProjectConfigurationPlatforms) = postSolution
		{E9EA1126-71AC-40DB-A901-7FBEFE1FEA2C}.Debug|x64.ActiveCfg = Debug|x64
		{E9EA1126-71AC-40DB-A901-7FBEFE1FEA2C}.Debug|x64.Build.0 = Debug|x64
		{E9EA1126-71AC-40DB-A901-7FBEFE1FEA2C}.Debug|x86.ActiveCfg = Debug|Win32
		{E9EA1126-71AC-40DB-A901-7FBEFE1FEA2C}.Debug|x86.Build.0 = Debug|Win32
		{E9EA1126-71AC-40DB-A901-7FBEFE1FEA2C}.Release|x64.ActiveCfg = Release|x64
		{E9EA1126-71AC-40DB-A901-7FBEFE1FEA2C}.Release|x64.Build.0 = Release|x64
		{E9EA1126-71AC-40DB-A901-7FBEFE1FEA2C}.Release|x86.ActiveCfg = Release|Win32
		{E9EA1126-71AC-40DB-A901-7FBEFE1FEA2C}.Release|x86.Build.0 = Release|Win32
	EndGlobalSection
	GlobalSection(SolutionProperties) = preSolution
		HideSolutionNode = FALSE
	EndGlobalSection
	GlobalSection(ExtensibilityGlobals) = postSolution
		SolutionGuid = {09894B64-F136-4F4C-87B7-1E61643F8025}
	EndGlobalSection
EndGlobal
